
Microsoft Visual Studio Solution File, Format Version 12.00
# Visual Studio 15
VisualStudioVersion = 15.0.28307.271
MinimumVisualStudioVersion = 10.0.40219.1
Project("{FAE04EC0-301F-11D3-BF4B-00C04F79EFBC}") = "Alloy", "src\Alloy\Alloy.csproj", "{C1C462C2-837F-4199-9429-8BA38DA950AB}"
EndProject
Project("{FAE04EC0-301F-11D3-BF4B-00C04F79EFBC}") = "Advanced.CMS.Compare", "src\Advanced.CMS.Compare\Advanced.CMS.Compare.csproj", "{A1E3C583-AACA-4CEA-B289-DA99755731A7}"
EndProject
Project("{2150E333-8FDC-42A3-9474-1A3956D46DE8}") = "build", "build", "{58D8B575-68AE-47F3-B34E-1AA99376EB51}"
ProjectSection(SolutionItems) = preProject
	.editorconfig = .editorconfig
	.gitattributes = .gitattributes
	.gitignore = .gitignore
	build.cmd = build.cmd
	iisexpress.cmd = iisexpress.cmd
	LICENSE = LICENSE
	pack.cmd = pack.cmd
	pack.ps1 = pack.ps1
	README.md = README.md
	setup.cmd = setup.cmd
	site.cmd = site.cmd
	version.cs = version.cs
EndProjectSection
EndProject
Global
	GlobalSection(SolutionConfigurationPlatforms) = preSolution
		Debug|Any CPU = Debug|Any CPU
		Release|Any CPU = Release|Any CPU
	EndGlobalSection
	GlobalSection(ProjectConfigurationPlatforms) = postSolution
		{C1C462C2-837F-4199-9429-8BA38DA950AB}.Debug|Any CPU.ActiveCfg = Debug|Any CPU
		{C1C462C2-837F-4199-9429-8BA38DA950AB}.Debug|Any CPU.Build.0 = Debug|Any CPU
		{C1C462C2-837F-4199-9429-8BA38DA950AB}.Release|Any CPU.ActiveCfg = Release|Any CPU
		{C1C462C2-837F-4199-9429-8BA38DA950AB}.Release|Any CPU.Build.0 = Release|Any CPU
		{A1E3C583-AACA-4CEA-B289-DA99755731A7}.Debug|Any CPU.ActiveCfg = Debug|Any CPU
		{A1E3C583-AACA-4CEA-B289-DA99755731A7}.Debug|Any CPU.Build.0 = Debug|Any CPU
		{A1E3C583-AACA-4CEA-B289-DA99755731A7}.Release|Any CPU.ActiveCfg = Release|Any CPU
		{A1E3C583-AACA-4CEA-B289-DA99755731A7}.Release|Any CPU.Build.0 = Release|Any CPU
	EndGlobalSection
	GlobalSection(SolutionProperties) = preSolution
		HideSolutionNode = FALSE
	EndGlobalSection
	GlobalSection(ExtensibilityGlobals) = postSolution
		SolutionGuid = {852A701C-B821-467A-ABCB-11644773C6CF}
	EndGlobalSection
EndGlobal
